
Microsoft Visual Studio Solution File, Format Version 12.00
# Visual Studio 15
Project("{FAE04EC0-301F-11D3-BF4B-00C04F79EFBC}") = "UnityEngine.TestRunner", "UnityEngine.TestRunner.csproj", "{13B0DA8D-F03A-0C40-24E9-E7DAD0B4EE2A}"
EndProject
Project("{FAE04EC0-301F-11D3-BF4B-00C04F79EFBC}") = "Unity.Timeline", "Unity.Timeline.csproj", "{CCEC9D4F-4EA4-1CBF-CE45-A892CE4D7985}"
EndProject
Project("{FAE04EC0-301F-11D3-BF4B-00C04F79EFBC}") = "UnityEngine.UI", "UnityEngine.UI.csproj", "{5F4882D4-0E0A-6434-3634-7BED00A8BD27}"
EndProject
Project("{FAE04EC0-301F-11D3-BF4B-00C04F79EFBC}") = "Unity.TextMeshPro", "Unity.TextMeshPro.csproj", "{F9DD392B-75B3-6F23-0BAF-181429106F0C}"
EndProject
Project("{FAE04EC0-301F-11D3-BF4B-00C04F79EFBC}") = "Assembly-CSharp", "Assembly-CSharp.csproj", "{6654A8A5-9975-1A51-8212-3D83D7C6B164}"
EndProject
Project("{FAE04EC0-301F-11D3-BF4B-00C04F79EFBC}") = "UnityEditor.TestRunner", "UnityEditor.TestRunner.csproj", "{294B6A34-617D-AE33-5242-94EF101010F4}"
EndProject
Project("{FAE04EC0-301F-11D3-BF4B-00C04F79EFBC}") = "Unity.PlasticSCM.Editor", "Unity.PlasticSCM.Editor.csproj", "{6416157B-B95D-27A4-D47C-5E5FF7A71036}"
EndProject
Project("{FAE04EC0-301F-11D3-BF4B-00C04F79EFBC}") = "UnityEditor.UI", "UnityEditor.UI.csproj", "{418E7D70-ADC1-B25B-59F7-2AF232F075C4}"
EndProject
Project("{FAE04EC0-301F-11D3-BF4B-00C04F79EFBC}") = "Unity.Services.Core.Editor", "Unity.Services.Core.Editor.csproj", "{7E7B563D-6218-6FCB-6931-3048DF66CC9E}"
EndProject
Project("{FAE04EC0-301F-11D3-BF4B-00C04F79EFBC}") = "Unity.Timeline.Editor", "Unity.Timeline.Editor.csproj", "{A6EADE0A-15DB-BAAE-3B07-702CFDDCB442}"
EndProject
Project("{FAE04EC0-301F-11D3-BF4B-00C04F79EFBC}") = "Unity.VisualStudio.Editor", "Unity.VisualStudio.Editor.csproj", "{64165E4E-C2E8-5B98-D10C-5932D52B00C1}"
EndProject
Project("{FAE04EC0-301F-11D3-BF4B-00C04F79EFBC}") = "Unity.TextMeshPro.Editor", "Unity.TextMeshPro.Editor.csproj", "{03CCDCB5-8DE7-C54A-36A2-A634BA827D77}"
EndProject
Project("{FAE04EC0-301F-11D3-BF4B-00C04F79EFBC}") = "Unity.CollabProxy.Editor", "Unity.CollabProxy.Editor.csproj", "{DD49A691-84BF-D850-8508-A828CC017051}"
EndProject
Project("{FAE04EC0-301F-11D3-BF4B-00C04F79EFBC}") = "Unity.Rider.Editor", "Unity.Rider.Editor.csproj", "{24717A32-F56F-8CDE-9112-F9DA26717B6B}"
EndProject
Project("{FAE04EC0-301F-11D3-BF4B-00C04F79EFBC}") = "Unity.VSCode.Editor", "Unity.VSCode.Editor.csproj", "{59233640-B486-EA8A-6981-BB2A6E4CC7EE}"
EndProject
Project("{FAE04EC0-301F-11D3-BF4B-00C04F79EFBC}") = "UnityEngine.TestRunner", "UnityEngine.TestRunner.Player.csproj", "{C29A1797-0097-5ED4-6CC9-AEB67CA5A0C5}"
EndProject
Project("{FAE04EC0-301F-11D3-BF4B-00C04F79EFBC}") = "Unity.Timeline", "Unity.Timeline.Player.csproj", "{4DA4E3D6-BCD6-5F55-3B9F-5A6B052E9866}"
EndProject
Project("{FAE04EC0-301F-11D3-BF4B-00C04F79EFBC}") = "UnityEngine.UI", "UnityEngine.UI.Player.csproj", "{9B7C5629-37C2-BE1D-FDC2-343C2BD8BD03}"
EndProject
Project("{FAE04EC0-301F-11D3-BF4B-00C04F79EFBC}") = "Unity.TextMeshPro", "Unity.TextMeshPro.Player.csproj", "{AB794788-BB4C-5D96-B973-B59D904B3B98}"
EndProject
Project("{FAE04EC0-301F-11D3-BF4B-00C04F79EFBC}") = "Assembly-CSharp", "Assembly-CSharp.Player.csproj", "{5F1F9B82-A5C0-7331-5581-901F4361C643}"
EndProject
Global
	GlobalSection(SolutionConfigurationPlatforms) = preSolution
		Debug|Any CPU = Debug|Any CPU
		Release|Any CPU = Release|Any CPU
	EndGlobalSection
	GlobalSection(ProjectConfigurationPlatforms) = postSolution
		{13B0DA8D-F03A-0C40-24E9-E7DAD0B4EE2A}.Debug|Any CPU.ActiveCfg = Debug|Any CPU
		{13B0DA8D-F03A-0C40-24E9-E7DAD0B4EE2A}.Debug|Any CPU.Build.0 = Debug|Any CPU
		{13B0DA8D-F03A-0C40-24E9-E7DAD0B4EE2A}.Release|Any CPU.ActiveCfg = Release|Any CPU
		{13B0DA8D-F03A-0C40-24E9-E7DAD0B4EE2A}.Release|Any CPU.Build.0 = Release|Any CPU
		{CCEC9D4F-4EA4-1CBF-CE45-A892CE4D7985}.Debug|Any CPU.ActiveCfg = Debug|Any CPU
		{CCEC9D4F-4EA4-1CBF-CE45-A892CE4D7985}.Debug|Any CPU.Build.0 = Debug|Any CPU
		{CCEC9D4F-4EA4-1CBF-CE45-A892CE4D7985}.Release|Any CPU.ActiveCfg = Release|Any CPU
		{CCEC9D4F-4EA4-1CBF-CE45-A892CE4D7985}.Release|Any CPU.Build.0 = Release|Any CPU
		{5F4882D4-0E0A-6434-3634-7BED00A8BD27}.Debug|Any CPU.ActiveCfg = Debug|Any CPU
		{5F4882D4-0E0A-6434-3634-7BED00A8BD27}.Debug|Any CPU.Build.0 = Debug|Any CPU
		{5F4882D4-0E0A-6434-3634-7BED00A8BD27}.Release|Any CPU.ActiveCfg = Release|Any CPU
		{5F4882D4-0E0A-6434-3634-7BED00A8BD27}.Release|Any CPU.Build.0 = Release|Any CPU
		{F9DD392B-75B3-6F23-0BAF-181429106F0C}.Debug|Any CPU.ActiveCfg = Debug|Any CPU
		{F9DD392B-75B3-6F23-0BAF-181429106F0C}.Debug|Any CPU.Build.0 = Debug|Any CPU
		{F9DD392B-75B3-6F23-0BAF-181429106F0C}.Release|Any CPU.ActiveCfg = Release|Any CPU
		{F9DD392B-75B3-6F23-0BAF-181429106F0C}.Release|Any CPU.Build.0 = Release|Any CPU
		{6654A8A5-9975-1A51-8212-3D83D7C6B164}.Debug|Any CPU.ActiveCfg = Debug|Any CPU
		{6654A8A5-9975-1A51-8212-3D83D7C6B164}.Debug|Any CPU.Build.0 = Debug|Any CPU
		{6654A8A5-9975-1A51-8212-3D83D7C6B164}.Release|Any CPU.ActiveCfg = Release|Any CPU
		{6654A8A5-9975-1A51-8212-3D83D7C6B164}.Release|Any CPU.Build.0 = Release|Any CPU
		{294B6A34-617D-AE33-5242-94EF101010F4}.Debug|Any CPU.ActiveCfg = Debug|Any CPU
		{294B6A34-617D-AE33-5242-94EF101010F4}.Debug|Any CPU.Build.0 = Debug|Any CPU
		{294B6A34-617D-AE33-5242-94EF101010F4}.Release|Any CPU.ActiveCfg = Release|Any CPU
		{294B6A34-617D-AE33-5242-94EF101010F4}.Release|Any CPU.Build.0 = Release|Any CPU
		{6416157B-B95D-27A4-D47C-5E5FF7A71036}.Debug|Any CPU.ActiveCfg = Debug|Any CPU
		{6416157B-B95D-27A4-D47C-5E5FF7A71036}.Debug|Any CPU.Build.0 = Debug|Any CPU
		{6416157B-B95D-27A4-D47C-5E5FF7A71036}.Release|Any CPU.ActiveCfg = Release|Any CPU
		{6416157B-B95D-27A4-D47C-5E5FF7A71036}.Release|Any CPU.Build.0 = Release|Any CPU
		{418E7D70-ADC1-B25B-59F7-2AF232F075C4}.Debug|Any CPU.ActiveCfg = Debug|Any CPU
		{418E7D70-ADC1-B25B-59F7-2AF232F075C4}.Debug|Any CPU.Build.0 = Debug|Any CPU
		{418E7D70-ADC1-B25B-59F7-2AF232F075C4}.Release|Any CPU.ActiveCfg = Release|Any CPU
		{418E7D70-ADC1-B25B-59F7-2AF232F075C4}.Release|Any CPU.Build.0 = Release|Any CPU
		{7E7B563D-6218-6FCB-6931-3048DF66CC9E}.Debug|Any CPU.ActiveCfg = Debug|Any CPU
		{7E7B563D-6218-6FCB-6931-3048DF66CC9E}.Debug|Any CPU.Build.0 = Debug|Any CPU
		{7E7B563D-6218-6FCB-6931-3048DF66CC9E}.Release|Any CPU.ActiveCfg = Release|Any CPU
		{7E7B563D-6218-6FCB-6931-3048DF66CC9E}.Release|Any CPU.Build.0 = Release|Any CPU
		{A6EADE0A-15DB-BAAE-3B07-702CFDDCB442}.Debug|Any CPU.ActiveCfg = Debug|Any CPU
		{A6EADE0A-15DB-BAAE-3B07-702CFDDCB442}.Debug|Any CPU.Build.0 = Debug|Any CPU
		{A6EADE0A-15DB-BAAE-3B07-702CFDDCB442}.Release|Any CPU.ActiveCfg = Release|Any CPU
		{A6EADE0A-15DB-BAAE-3B07-702CFDDCB442}.Release|Any CPU.Build.0 = Release|Any CPU
		{64165E4E-C2E8-5B98-D10C-5932D52B00C1}.Debug|Any CPU.ActiveCfg = Debug|Any CPU
		{64165E4E-C2E8-5B98-D10C-5932D52B00C1}.Debug|Any CPU.Build.0 = Debug|Any CPU
		{64165E4E-C2E8-5B98-D10C-5932D52B00C1}.Release|Any CPU.ActiveCfg = Release|Any CPU
		{64165E4E-C2E8-5B98-D10C-5932D52B00C1}.Release|Any CPU.Build.0 = Release|Any CPU
		{03CCDCB5-8DE7-C54A-36A2-A634BA827D77}.Debug|Any CPU.ActiveCfg = Debug|Any CPU
		{03CCDCB5-8DE7-C54A-36A2-A634BA827D77}.Debug|Any CPU.Build.0 = Debug|Any CPU
		{03CCDCB5-8DE7-C54A-36A2-A634BA827D77}.Release|Any CPU.ActiveCfg = Release|Any CPU
		{03CCDCB5-8DE7-C54A-36A2-A634BA827D77}.Release|Any CPU.Build.0 = Release|Any CPU
		{DD49A691-84BF-D850-8508-A828CC017051}.Debug|Any CPU.ActiveCfg = Debug|Any CPU
		{DD49A691-84BF-D850-8508-A828CC017051}.Debug|Any CPU.Build.0 = Debug|Any CPU
		{DD49A691-84BF-D850-8508-A828CC017051}.Release|Any CPU.ActiveCfg = Release|Any CPU
		{DD49A691-84BF-D850-8508-A828CC017051}.Release|Any CPU.Build.0 = Release|Any CPU
		{24717A32-F56F-8CDE-9112-F9DA26717B6B}.Debug|Any CPU.ActiveCfg = Debug|Any CPU
		{24717A32-F56F-8CDE-9112-F9DA26717B6B}.Debug|Any CPU.Build.0 = Debug|Any CPU
		{24717A32-F56F-8CDE-9112-F9DA26717B6B}.Release|Any CPU.ActiveCfg = Release|Any CPU
		{24717A32-F56F-8CDE-9112-F9DA26717B6B}.Release|Any CPU.Build.0 = Release|Any CPU
		{59233640-B486-EA8A-6981-BB2A6E4CC7EE}.Debug|Any CPU.ActiveCfg = Debug|Any CPU
		{59233640-B486-EA8A-6981-BB2A6E4CC7EE}.Debug|Any CPU.Build.0 = Debug|Any CPU
		{59233640-B486-EA8A-6981-BB2A6E4CC7EE}.Release|Any CPU.ActiveCfg = Release|Any CPU
		{59233640-B486-EA8A-6981-BB2A6E4CC7EE}.Release|Any CPU.Build.0 = Release|Any CPU
		{C29A1797-0097-5ED4-6CC9-AEB67CA5A0C5}.Debug|Any CPU.ActiveCfg = Debug|Any CPU
		{C29A1797-0097-5ED4-6CC9-AEB67CA5A0C5}.Debug|Any CPU.Build.0 = Debug|Any CPU
		{C29A1797-0097-5ED4-6CC9-AEB67CA5A0C5}.Release|Any CPU.ActiveCfg = Release|Any CPU
		{C29A1797-0097-5ED4-6CC9-AEB67CA5A0C5}.Release|Any CPU.Build.0 = Release|Any CPU
		{4DA4E3D6-BCD6-5F55-3B9F-5A6B052E9866}.Debug|Any CPU.ActiveCfg = Debug|Any CPU
		{4DA4E3D6-BCD6-5F55-3B9F-5A6B052E9866}.Debug|Any CPU.Build.0 = Debug|Any CPU
		{4DA4E3D6-BCD6-5F55-3B9F-5A6B052E9866}.Release|Any CPU.ActiveCfg = Release|Any CPU
		{4DA4E3D6-BCD6-5F55-3B9F-5A6B052E9866}.Release|Any CPU.Build.0 = Release|Any CPU
		{9B7C5629-37C2-BE1D-FDC2-343C2BD8BD03}.Debug|Any CPU.ActiveCfg = Debug|Any CPU
		{9B7C5629-37C2-BE1D-FDC2-343C2BD8BD03}.Debug|Any CPU.Build.0 = Debug|Any CPU
		{9B7C5629-37C2-BE1D-FDC2-343C2BD8BD03}.Release|Any CPU.ActiveCfg = Release|Any CPU
		{9B7C5629-37C2-BE1D-FDC2-343C2BD8BD03}.Release|Any CPU.Build.0 = Release|Any CPU
		{AB794788-BB4C-5D96-B973-B59D904B3B98}.Debug|Any CPU.ActiveCfg = Debug|Any CPU
		{AB794788-BB4C-5D96-B973-B59D904B3B98}.Debug|Any CPU.Build.0 = Debug|Any CPU
		{AB794788-BB4C-5D96-B973-B59D904B3B98}.Release|Any CPU.ActiveCfg = Release|Any CPU
		{AB794788-BB4C-5D96-B973-B59D904B3B98}.Release|Any CPU.Build.0 = Release|Any CPU
		{5F1F9B82-A5C0-7331-5581-901F4361C643}.Debug|Any CPU.ActiveCfg = Debug|Any CPU
		{5F1F9B82-A5C0-7331-5581-901F4361C643}.Debug|Any CPU.Build.0 = Debug|Any CPU
		{5F1F9B82-A5C0-7331-5581-901F4361C643}.Release|Any CPU.ActiveCfg = Release|Any CPU
		{5F1F9B82-A5C0-7331-5581-901F4361C643}.Release|Any CPU.Build.0 = Release|Any CPU
	EndGlobalSection
	GlobalSection(SolutionProperties) = preSolution
		HideSolutionNode = FALSE
	EndGlobalSection
EndGlobal
